
Microsoft Visual Studio Solution File, Format Version 12.00
# Visual Studio Version 18
VisualStudioVersion = 18.1.11312.151 d18.0
MinimumVisualStudioVersion = 10.0.40219.1
Project("{FAE04EC0-301F-11D3-BF4B-00C04F79EFBC}") = "LabelPrinting.API", "LabelPrinting.API\LabelPrinting.API.csproj", "{9557F55C-AD7B-4519-BA0D-C4464D9F568D}"
EndProject
Project("{FAE04EC0-301F-11D3-BF4B-00C04F79EFBC}") = "LabelPrinting.Infrastructure", "LabelPrinting.Infrastructure\LabelPrinting.Infrastructure.csproj", "{7E86BA6C-68C4-45B3-856C-39B7558546F0}"
EndProject
Project("{FAE04EC0-301F-11D3-BF4B-00C04F79EFBC}") = "LabelPrinting.Application", "LabelPrinting.Application\LabelPrinting.Application.csproj", "{EDB5E4FF-3068-4BA1-92C6-6CBF7D7596D3}"
EndProject
Project("{FAE04EC0-301F-11D3-BF4B-00C04F79EFBC}") = "LabelPrinting.Domain", "LabelPrinting.Domain\LabelPrinting.Domain.csproj", "{A4353DA6-E582-4804-8A5E-02BE63D8C527}"
EndProject
Project("{FAE04EC0-301F-11D3-BF4B-00C04F79EFBC}") = "LabelDesigner", "LabelDesigner\LabelDesigner.csproj", "{52F3D2EC-2027-4A0F-B13E-441F977F5522}"
EndProject
Global
	GlobalSection(SolutionConfigurationPlatforms) = preSolution
		Debug|Any CPU = Debug|Any CPU
		Release|Any CPU = Release|Any CPU
	EndGlobalSection
	GlobalSection(ProjectConfigurationPlatforms) = postSolution
		{9557F55C-AD7B-4519-BA0D-C4464D9F568D}.Debug|Any CPU.ActiveCfg = Debug|Any CPU
		{9557F55C-AD7B-4519-BA0D-C4464D9F568D}.Debug|Any CPU.Build.0 = Debug|Any CPU
		{9557F55C-AD7B-4519-BA0D-C4464D9F568D}.Release|Any CPU.ActiveCfg = Release|Any CPU
		{9557F55C-AD7B-4519-BA0D-C4464D9F568D}.Release|Any CPU.Build.0 = Release|Any CPU
		{7E86BA6C-68C4-45B3-856C-39B7558546F0}.Debug|Any CPU.ActiveCfg = Debug|Any CPU
		{7E86BA6C-68C4-45B3-856C-39B7558546F0}.Debug|Any CPU.Build.0 = Debug|Any CPU
		{7E86BA6C-68C4-45B3-856C-39B7558546F0}.Release|Any CPU.ActiveCfg = Release|Any CPU
		{7E86BA6C-68C4-45B3-856C-39B7558546F0}.Release|Any CPU.Build.0 = Release|Any CPU
		{EDB5E4FF-3068-4BA1-92C6-6CBF7D7596D3}.Debug|Any CPU.ActiveCfg = Debug|Any CPU
		{EDB5E4FF-3068-4BA1-92C6-6CBF7D7596D3}.Debug|Any CPU.Build.0 = Debug|Any CPU
		{EDB5E4FF-3068-4BA1-92C6-6CBF7D7596D3}.Release|Any CPU.ActiveCfg = Release|Any CPU
		{EDB5E4FF-3068-4BA1-92C6-6CBF7D7596D3}.Release|Any CPU.Build.0 = Release|Any CPU
		{A4353DA6-E582-4804-8A5E-02BE63D8C527}.Debug|Any CPU.ActiveCfg = Debug|Any CPU
		{A4353DA6-E582-4804-8A5E-02BE63D8C527}.Debug|Any CPU.Build.0 = Debug|Any CPU
		{A4353DA6-E582-4804-8A5E-02BE63D8C527}.Release|Any CPU.ActiveCfg = Release|Any CPU
		{A4353DA6-E582-4804-8A5E-02BE63D8C527}.Release|Any CPU.Build.0 = Release|Any CPU
		{52F3D2EC-2027-4A0F-B13E-441F977F5522}.Debug|Any CPU.ActiveCfg = Debug|Any CPU
		{52F3D2EC-2027-4A0F-B13E-441F977F5522}.Debug|Any CPU.Build.0 = Debug|Any CPU
		{52F3D2EC-2027-4A0F-B13E-441F977F5522}.Release|Any CPU.ActiveCfg = Release|Any CPU
		{52F3D2EC-2027-4A0F-B13E-441F977F5522}.Release|Any CPU.Build.0 = Release|Any CPU
	EndGlobalSection
	GlobalSection(SolutionProperties) = preSolution
		HideSolutionNode = FALSE
	EndGlobalSection
	GlobalSection(ExtensibilityGlobals) = postSolution
		SolutionGuid = {15AB0A45-29A2-4227-B047-6232E49F3575}
	EndGlobalSection
EndGlobal
